// !$*UTF8*$!
{
	archiveVersion = 1;
	classes = {
	};
	objectVersion = 77;
	objects = {

/* Begin PBXContainerItemProxy section */
		040DC3AA2CFEFEA70067AE4F /* PBXContainerItemProxy */ = {
			isa = PBXContainerItemProxy;
			containerPortal = 040DC38C2CFEFEA60067AE4F /* Project object */;
			proxyType = 1;
			remoteGlobalIDString = 040DC3932CFEFEA60067AE4F;
			remoteInfo = "Weather-AppUI";
		};
		040DC3B42CFEFEA80067AE4F /* PBXContainerItemProxy */ = {
			isa = PBXContainerItemProxy;
			containerPortal = 040DC38C2CFEFEA60067AE4F /* Project object */;
			proxyType = 1;
			remoteGlobalIDString = 040DC3932CFEFEA60067AE4F;
			remoteInfo = "Weather-AppUI";
		};
/* End PBXContainerItemProxy section */

/* Begin PBXFileReference section */
		040DC3942CFEFEA60067AE4F /* Weather-AppUI.app */ = {isa = PBXFileReference; explicitFileType = wrapper.application; includeInIndex = 0; path = "Weather-AppUI.app"; sourceTree = BUILT_PRODUCTS_DIR; };
		040DC3A92CFEFEA70067AE4F /* Weather-AppUITests.xctest */ = {isa = PBXFileReference; explicitFileType = wrapper.cfbundle; includeInIndex = 0; path = "Weather-AppUITests.xctest"; sourceTree = BUILT_PRODUCTS_DIR; };
		040DC3B32CFEFEA70067AE4F /* Weather-AppUIUITests.xctest */ = {isa = PBXFileReference; explicitFileType = wrapper.cfbundle; includeInIndex = 0; path = "Weather-AppUIUITests.xctest"; sourceTree = BUILT_PRODUCTS_DIR; };
/* End PBXFileReference section */

/* Begin PBXFileSystemSynchronizedRootGroup section */
		040DC3962CFEFEA60067AE4F /* Weather-AppUI */ = {
			isa = PBXFileSystemSynchronizedRootGroup;
			path = "Weather-AppUI";
			sourceTree = "<group>";
		};
		040DC3AC2CFEFEA70067AE4F /* Weather-AppUITests */ = {
			isa = PBXFileSystemSynchronizedRootGroup;
			path = "Weather-AppUITests";
			sourceTree = "<group>";
		};
		040DC3B62CFEFEA80067AE4F /* Weather-AppUIUITests */ = {
			isa = PBXFileSystemSynchronizedRootGroup;
			path = "Weather-AppUIUITests";
			sourceTree = "<group>";
		};
/* End PBXFileSystemSynchronizedRootGroup section */

/* Begin PBXFrameworksBuildPhase section */
		040DC3912CFEFEA60067AE4F /* Frameworks */ = {
			isa = PBXFrameworksBuildPhase;
			buildActionMask = 2147483647;
			files = (
			);
			runOnlyForDeploymentPostprocessing = 0;
		};
		040DC3A62CFEFEA70067AE4F /* Frameworks */ = {
			isa = PBXFrameworksBuildPhase;
			buildActionMask = 2147483647;
			files = (
			);
			runOnlyForDeploymentPostprocessing = 0;
		};
		040DC3B02CFEFEA70067AE4F /* Frameworks */ = {
			isa = PBXFrameworksBuildPhase;
			buildActionMask = 2147483647;
			files = (
			);
			runOnlyForDeploymentPostprocessing = 0;
		};
/* End PBXFrameworksBuildPhase section */

/* Begin PBXGroup section */
		040DC38B2CFEFEA60067AE4F = {
			isa = PBXGroup;
			children = (
				040DC3962CFEFEA60067AE4F /* Weather-AppUI */,
				040DC3AC2CFEFEA70067AE4F /* Weather-AppUITests */,
				040DC3B62CFEFEA80067AE4F /* Weather-AppUIUITests */,
				040DC3952CFEFEA60067AE4F /* Products */,
			);
			sourceTree = "<group>";
		};
		040DC3952CFEFEA60067AE4F /* Products */ = {
			isa = PBXGroup;
			children = (
				040DC3942CFEFEA60067AE4F /* Weather-AppUI.app */,
				040DC3A92CFEFEA70067AE4F /* Weather-AppUITests.xctest */,
				040DC3B32CFEFEA70067AE4F /* Weather-AppUIUITests.xctest */,
			);
			name = Products;
			sourceTree = "<group>";
		};
/* End PBXGroup section */

/* Begin PBXNativeTarget section */
		040DC3932CFEFEA60067AE4F /* Weather-AppUI */ = {
			isa = PBXNativeTarget;
			buildConfigurationList = 040DC3BD2CFEFEA80067AE4F /* Build configuration list for PBXNativeTarget "Weather-AppUI" */;
			buildPhases = (
				040DC3902CFEFEA60067AE4F /* Sources */,
				040DC3912CFEFEA60067AE4F /* Frameworks */,
				040DC3922CFEFEA60067AE4F /* Resources */,
			);
			buildRules = (
			);
			dependencies = (
			);
			fileSystemSynchronizedGroups = (
				040DC3962CFEFEA60067AE4F /* Weather-AppUI */,
			);
			name = "Weather-AppUI";
			packageProductDependencies = (
			);
			productName = "Weather-AppUI";
			productReference = 040DC3942CFEFEA60067AE4F /* Weather-AppUI.app */;
			productType = "com.apple.product-type.application";
		};
		040DC3A82CFEFEA70067AE4F /* Weather-AppUITests */ = {
			isa = PBXNativeTarget;
			buildConfigurationList = 040DC3C02CFEFEA80067AE4F /* Build configuration list for PBXNativeTarget "Weather-AppUITests" */;
			buildPhases = (
				040DC3A52CFEFEA70067AE4F /* Sources */,
				040DC3A62CFEFEA70067AE4F /* Frameworks */,
				040DC3A72CFEFEA70067AE4F /* Resources */,
			);
			buildRules = (
			);
			dependencies = (
				040DC3AB2CFEFEA70067AE4F /* PBXTargetDependency */,
			);
			fileSystemSynchronizedGroups = (
				040DC3AC2CFEFEA70067AE4F /* Weather-AppUITests */,
			);
			name = "Weather-AppUITests";
			packageProductDependencies = (
			);
			productName = "Weather-AppUITests";
			productReference = 040DC3A92CFEFEA70067AE4F /* Weather-AppUITests.xctest */;
			productType = "com.apple.product-type.bundle.unit-test";
		};
		040DC3B22CFEFEA70067AE4F /* Weather-AppUIUITests */ = {
			isa = PBXNativeTarget;
			buildConfigurationList = 040DC3C32CFEFEA80067AE4F /* Build configuration list for PBXNativeTarget "Weather-AppUIUITests" */;
			buildPhases = (
				040DC3AF2CFEFEA70067AE4F /* Sources */,
				040DC3B02CFEFEA70067AE4F /* Frameworks */,
				040DC3B12CFEFEA70067AE4F /* Resources */,
			);
			buildRules = (
			);
			dependencies = (
				040DC3B52CFEFEA80067AE4F /* PBXTargetDependency */,
			);
			fileSystemSynchronizedGroups = (
				040DC3B62CFEFEA80067AE4F /* Weather-AppUIUITests */,
			);
			name = "Weather-AppUIUITests";
			packageProductDependencies = (
			);
			productName = "Weather-AppUIUITests";
			productReference = 040DC3B32CFEFEA70067AE4F /* Weather-AppUIUITests.xctest */;
			productType = "com.apple.product-type.bundle.ui-testing";
		};
/* End PBXNativeTarget section */

/* Begin PBXProject section */
		040DC38C2CFEFEA60067AE4F /* Project object */ = {
			isa = PBXProject;
			attributes = {
				BuildIndependentTargetsInParallel = 1;
				LastSwiftUpdateCheck = 1610;
				LastUpgradeCheck = 1610;
				TargetAttributes = {
					040DC3932CFEFEA60067AE4F = {
						CreatedOnToolsVersion = 16.1;
					};
					040DC3A82CFEFEA70067AE4F = {
						CreatedOnToolsVersion = 16.1;
						TestTargetID = 040DC3932CFEFEA60067AE4F;
					};
					040DC3B22CFEFEA70067AE4F = {
						CreatedOnToolsVersion = 16.1;
						TestTargetID = 040DC3932CFEFEA60067AE4F;
					};
				};
			};
			buildConfigurationList = 040DC38F2CFEFEA60067AE4F /* Build configuration list for PBXProject "Weather-AppUI" */;
			developmentRegion = en;
			hasScannedForEncodings = 0;
			knownRegions = (
				en,
				Base,
			);
			mainGroup = 040DC38B2CFEFEA60067AE4F;
			minimizedProjectReferenceProxies = 1;
			preferredProjectObjectVersion = 77;
			productRefGroup = 040DC3952CFEFEA60067AE4F /* Products */;
			projectDirPath = "";
			projectRoot = "";
			targets = (
				040DC3932CFEFEA60067AE4F /* Weather-AppUI */,
				040DC3A82CFEFEA70067AE4F /* Weather-AppUITests */,
				040DC3B22CFEFEA70067AE4F /* Weather-AppUIUITests */,
			);
		};
/* End PBXProject section */

/* Begin PBXResourcesBuildPhase section */
		040DC3922CFEFEA60067AE4F /* Resources */ = {
			isa = PBXResourcesBuildPhase;
			buildActionMask = 2147483647;
			files = (
			);
			runOnlyForDeploymentPostprocessing = 0;
		};
		040DC3A72CFEFEA70067AE4F /* Resources */ = {
			isa = PBXResourcesBuildPhase;
			buildActionMask = 2147483647;
			files = (
			);
			runOnlyForDeploymentPostprocessing = 0;
		};
		040DC3B12CFEFEA70067AE4F /* Resources */ = {
			isa = PBXResourcesBuildPhase;
			buildActionMask = 2147483647;
			files = (
			);
			runOnlyForDeploymentPostprocessing = 0;
		};
/* End PBXResourcesBuildPhase section */

/* Begin PBXSourcesBuildPhase section */
		040DC3902CFEFEA60067AE4F /* Sources */ = {
			isa = PBXSourcesBuildPhase;
			buildActionMask = 2147483647;
			files = (
			);
			runOnlyForDeploymentPostprocessing = 0;
		};
		040DC3A52CFEFEA70067AE4F /* Sources */ = {
			isa = PBXSourcesBuildPhase;
			buildActionMask = 2147483647;
			files = (
			);
			runOnlyForDeploymentPostprocessing = 0;
		};
		040DC3AF2CFEFEA70067AE4F /* Sources */ = {
			isa = PBXSourcesBuildPhase;
			buildActionMask = 2147483647;
			files = (
			);
			runOnlyForDeploymentPostprocessing = 0;
		};
/* End PBXSourcesBuildPhase section */

/* Begin PBXTargetDependency section */
		040DC3AB2CFEFEA70067AE4F /* PBXTargetDependency */ = {
			isa = PBXTargetDependency;
			target = 040DC3932CFEFEA60067AE4F /* Weather-AppUI */;
			targetProxy = 040DC3AA2CFEFEA70067AE4F /* PBXContainerItemProxy */;
		};
		040DC3B52CFEFEA80067AE4F /* PBXTargetDependency */ = {
			isa = PBXTargetDependency;
			target = 040DC3932CFEFEA60067AE4F /* Weather-AppUI */;
			targetProxy = 040DC3B42CFEFEA80067AE4F /* PBXContainerItemProxy */;
		};
/* End PBXTargetDependency section */

/* Begin XCBuildConfiguration section */
		040DC3BB2CFEFEA80067AE4F /* Debug */ = {
			isa = XCBuildConfiguration;
			buildSettings = {
				ALWAYS_SEARCH_USER_PATHS = NO;
				ASSETCATALOG_COMPILER_GENERATE_SWIFT_ASSET_SYMBOL_EXTENSIONS = YES;
				CLANG_ANALYZER_NONNULL = YES;
				CLANG_ANALYZER_NUMBER_OBJECT_CONVERSION = YES_AGGRESSIVE;
				CLANG_CXX_LANGUAGE_STANDARD = "gnu++20";
				CLANG_ENABLE_MODULES = YES;
				CLANG_ENABLE_OBJC_ARC = YES;
				CLANG_ENABLE_OBJC_WEAK = YES;
				CLANG_WARN_BLOCK_CAPTURE_AUTORELEASING = YES;
				CLANG_WARN_BOOL_CONVERSION = YES;
				CLANG_WARN_COMMA = YES;
				CLANG_WARN_CONSTANT_CONVERSION = YES;
				CLANG_WARN_DEPRECATED_OBJC_IMPLEMENTATIONS = YES;
				CLANG_WARN_DIRECT_OBJC_ISA_USAGE = YES_ERROR;
				CLANG_WARN_DOCUMENTATION_COMMENTS = YES;
				CLANG_WARN_EMPTY_BODY = YES;
				CLANG_WARN_ENUM_CONVERSION = YES;
				CLANG_WARN_INFINITE_RECURSION = YES;
				CLANG_WARN_INT_CONVERSION = YES;
				CLANG_WARN_NON_LITERAL_NULL_CONVERSION = YES;
				CLANG_WARN_OBJC_IMPLICIT_RETAIN_SELF = YES;
				CLANG_WARN_OBJC_LITERAL_CONVERSION = YES;
				CLANG_WARN_OBJC_ROOT_CLASS = YES_ERROR;
				CLANG_WARN_QUOTED_INCLUDE_IN_FRAMEWORK_HEADER = YES;
				CLANG_WARN_RANGE_LOOP_ANALYSIS = YES;
				CLANG_WARN_STRICT_PROTOTYPES = YES;
				CLANG_WARN_SUSPICIOUS_MOVE = YES;
				CLANG_WARN_UNGUARDED_AVAILABILITY = YES_AGGRESSIVE;
				CLANG_WARN_UNREACHABLE_CODE = YES;
				CLANG_WARN__DUPLICATE_METHOD_MATCH = YES;
				COPY_PHASE_STRIP = NO;
				DEBUG_INFORMATION_FORMAT = dwarf;
				ENABLE_STRICT_OBJC_MSGSEND = YES;
				ENABLE_TESTABILITY = YES;
				ENABLE_USER_SCRIPT_SANDBOXING = YES;
				GCC_C_LANGUAGE_STANDARD = gnu17;
				GCC_DYNAMIC_NO_PIC = NO;
				GCC_NO_COMMON_BLOCKS = YES;
				GCC_OPTIMIZATION_LEVEL = 0;
				GCC_PREPROCESSOR_DEFINITIONS = (
					"DEBUG=1",
					"$(inherited)",
				);
				GCC_WARN_64_TO_32_BIT_CONVERSION = YES;
				GCC_WARN_ABOUT_RETURN_TYPE = YES_ERROR;
				GCC_WARN_UNDECLARED_SELECTOR = YES;
				GCC_WARN_UNINITIALIZED_AUTOS = YES_AGGRESSIVE;
				GCC_WARN_UNUSED_FUNCTION = YES;
				GCC_WARN_UNUSED_VARIABLE = YES;
				IPHONEOS_DEPLOYMENT_TARGET = 18.1;
				LOCALIZATION_PREFERS_STRING_CATALOGS = YES;
				MTL_ENABLE_DEBUG_INFO = INCLUDE_SOURCE;
				MTL_FAST_MATH = YES;
				ONLY_ACTIVE_ARCH = YES;
				SDKROOT = iphoneos;
				SWIFT_ACTIVE_COMPILATION_CONDITIONS = "DEBUG $(inherited)";
				SWIFT_OPTIMIZATION_LEVEL = "-Onone";
			};
			name = Debug;
		};
		040DC3BC2CFEFEA80067AE4F /* Release */ = {
			isa = XCBuildConfiguration;
			buildSettings = {
				ALWAYS_SEARCH_USER_PATHS = NO;
				ASSETCATALOG_COMPILER_GENERATE_SWIFT_ASSET_SYMBOL_EXTENSIONS = YES;
				CLANG_ANALYZER_NONNULL = YES;
				CLANG_ANALYZER_NUMBER_OBJECT_CONVERSION = YES_AGGRESSIVE;
				CLANG_CXX_LANGUAGE_STANDARD = "gnu++20";
				CLANG_ENABLE_MODULES = YES;
				CLANG_ENABLE_OBJC_ARC = YES;
				CLANG_ENABLE_OBJC_WEAK = YES;
				CLANG_WARN_BLOCK_CAPTURE_AUTORELEASING = YES;
				CLANG_WARN_BOOL_CONVERSION = YES;
				CLANG_WARN_COMMA = YES;
				CLANG_WARN_CONSTANT_CONVERSION = YES;
				CLANG_WARN_DEPRECATED_OBJC_IMPLEMENTATIONS = YES;
				CLANG_WARN_DIRECT_OBJC_ISA_USAGE = YES_ERROR;
				CLANG_WARN_DOCUMENTATION_COMMENTS = YES;
				CLANG_WARN_EMPTY_BODY = YES;
				CLANG_WARN_ENUM_CONVERSION = YES;
				CLANG_WARN_INFINITE_RECURSION = YES;
				CLANG_WARN_INT_CONVERSION = YES;
				CLANG_WARN_NON_LITERAL_NULL_CONVERSION = YES;
				CLANG_WARN_OBJC_IMPLICIT_RETAIN_SELF = YES;
				CLANG_WARN_OBJC_LITERAL_CONVERSION = YES;
				CLANG_WARN_OBJC_ROOT_CLASS = YES_ERROR;
				CLANG_WARN_QUOTED_INCLUDE_IN_FRAMEWORK_HEADER = YES;
				CLANG_WARN_RANGE_LOOP_ANALYSIS = YES;
				CLANG_WARN_STRICT_PROTOTYPES = YES;
				CLANG_WARN_SUSPICIOUS_MOVE = YES;
				CLANG_WARN_UNGUARDED_AVAILABILITY = YES_AGGRESSIVE;
				CLANG_WARN_UNREACHABLE_CODE = YES;
				CLANG_WARN__DUPLICATE_METHOD_MATCH = YES;
				COPY_PHASE_STRIP = NO;
				DEBUG_INFORMATION_FORMAT = "dwarf-with-dsym";
				ENABLE_NS_ASSERTIONS = NO;
				ENABLE_STRICT_OBJC_MSGSEND = YES;
				ENABLE_USER_SCRIPT_SANDBOXING = YES;
				GCC_C_LANGUAGE_STANDARD = gnu17;
				GCC_NO_COMMON_BLOCKS = YES;
				GCC_WARN_64_TO_32_BIT_CONVERSION = YES;
				GCC_WARN_ABOUT_RETURN_TYPE = YES_ERROR;
				GCC_WARN_UNDECLARED_SELECTOR = YES;
				GCC_WARN_UNINITIALIZED_AUTOS = YES_AGGRESSIVE;
				GCC_WARN_UNUSED_FUNCTION = YES;
				GCC_WARN_UNUSED_VARIABLE = YES;
				IPHONEOS_DEPLOYMENT_TARGET = 18.1;
				LOCALIZATION_PREFERS_STRING_CATALOGS = YES;
				MTL_ENABLE_DEBUG_INFO = NO;
				MTL_FAST_MATH = YES;
				SDKROOT = iphoneos;
				SWIFT_COMPILATION_MODE = wholemodule;
				VALIDATE_PRODUCT = YES;
			};
			name = Release;
		};
		040DC3BE2CFEFEA80067AE4F /* Debug */ = {
			isa = XCBuildConfiguration;
			buildSettings = {
				ASSETCATALOG_COMPILER_APPICON_NAME = AppIcon;
				ASSETCATALOG_COMPILER_GLOBAL_ACCENT_COLOR_NAME = AccentColor;
				CODE_SIGN_STYLE = Automatic;
				CURRENT_PROJECT_VERSION = 1;
				DEVELOPMENT_ASSET_PATHS = "\"Weather-AppUI/Preview Content\"";
				DEVELOPMENT_TEAM = XDGUBBL4D4;
				ENABLE_PREVIEWS = YES;
				GENERATE_INFOPLIST_FILE = YES;
				INFOPLIST_KEY_UIApplicationSceneManifest_Generation = YES;
				INFOPLIST_KEY_UIApplicationSupportsIndirectInputEvents = YES;
				INFOPLIST_KEY_UILaunchScreen_Generation = YES;
				INFOPLIST_KEY_UISupportedInterfaceOrientations_iPad = "UIInterfaceOrientationPortrait UIInterfaceOrientationPortraitUpsideDown UIInterfaceOrientationLandscapeLeft UIInterfaceOrientationLandscapeRight";
				INFOPLIST_KEY_UISupportedInterfaceOrientations_iPhone = "UIInterfaceOrientationPortrait UIInterfaceOrientationLandscapeLeft UIInterfaceOrientationLandscapeRight";
				LD_RUNPATH_SEARCH_PATHS = (
					"$(inherited)",
					"@executable_path/Frameworks",
				);
				MARKETING_VERSION = 1.0;
				PRODUCT_BUNDLE_IDENTIFIER = "com.MohitBajpai.Weather-AppUI";
				PRODUCT_NAME = "$(TARGET_NAME)";
				SWIFT_EMIT_LOC_STRINGS = YES;
				SWIFT_VERSION = 5.0;
				TARGETED_DEVICE_FAMILY = "1,2";
			};
			name = Debug;
		};
		040DC3BF2CFEFEA80067AE4F /* Release */ = {
			isa = XCBuildConfiguration;
			buildSettings = {
				ASSETCATALOG_COMPILER_APPICON_NAME = AppIcon;
				ASSETCATALOG_COMPILER_GLOBAL_ACCENT_COLOR_NAME = AccentColor;
				CODE_SIGN_STYLE = Automatic;
				CURRENT_PROJECT_VERSION = 1;
				DEVELOPMENT_ASSET_PATHS = "\"Weather-AppUI/Preview Content\"";
				DEVELOPMENT_TEAM = XDGUBBL4D4;
				ENABLE_PREVIEWS = YES;
				GENERATE_INFOPLIST_FILE = YES;
				INFOPLIST_KEY_UIApplicationSceneManifest_Generation = YES;
				INFOPLIST_KEY_UIApplicationSupportsIndirectInputEvents = YES;
				INFOPLIST_KEY_UILaunchScreen_Generation = YES;
				INFOPLIST_KEY_UISupportedInterfaceOrientations_iPad = "UIInterfaceOrientationPortrait UIInterfaceOrientationPortraitUpsideDown UIInterfaceOrientationLandscapeLeft UIInterfaceOrientationLandscapeRight";
				INFOPLIST_KEY_UISupportedInterfaceOrientations_iPhone = "UIInterfaceOrientationPortrait UIInterfaceOrientationLandscapeLeft UIInterfaceOrientationLandscapeRight";
				LD_RUNPATH_SEARCH_PATHS = (
					"$(inherited)",
					"@executable_path/Frameworks",
				);
				MARKETING_VERSION = 1.0;
				PRODUCT_BUNDLE_IDENTIFIER = "com.MohitBajpai.Weather-AppUI";
				PRODUCT_NAME = "$(TARGET_NAME)";
				SWIFT_EMIT_LOC_STRINGS = YES;
				SWIFT_VERSION = 5.0;
				TARGETED_DEVICE_FAMILY = "1,2";
			};
			name = Release;
		};
		040DC3C12CFEFEA80067AE4F /* Debug */ = {
			isa = XCBuildConfiguration;
			buildSettings = {
				BUNDLE_LOADER = "$(TEST_HOST)";
				CODE_SIGN_STYLE = Automatic;
				CURRENT_PROJECT_VERSION = 1;
				DEVELOPMENT_TEAM = XDGUBBL4D4;
				GENERATE_INFOPLIST_FILE = YES;
				IPHONEOS_DEPLOYMENT_TARGET = 18.1;
				MARKETING_VERSION = 1.0;
				PRODUCT_BUNDLE_IDENTIFIER = "com.MohitBajpai.Weather-AppUITests";
				PRODUCT_NAME = "$(TARGET_NAME)";
				SWIFT_EMIT_LOC_STRINGS = NO;
				SWIFT_VERSION = 5.0;
				TARGETED_DEVICE_FAMILY = "1,2";
				TEST_HOST = "$(BUILT_PRODUCTS_DIR)/Weather-AppUI.app/$(BUNDLE_EXECUTABLE_FOLDER_PATH)/Weather-AppUI";
			};
			name = Debug;
		};
		040DC3C22CFEFEA80067AE4F /* Release */ = {
			isa = XCBuildConfiguration;
			buildSettings = {
				BUNDLE_LOADER = "$(TEST_HOST)";
				CODE_SIGN_STYLE = Automatic;
				CURRENT_PROJECT_VERSION = 1;
				DEVELOPMENT_TEAM = XDGUBBL4D4;
				GENERATE_INFOPLIST_FILE = YES;
				IPHONEOS_DEPLOYMENT_TARGET = 18.1;
				MARKETING_VERSION = 1.0;
				PRODUCT_BUNDLE_IDENTIFIER = "com.MohitBajpai.Weather-AppUITests";
				PRODUCT_NAME = "$(TARGET_NAME)";
				SWIFT_EMIT_LOC_STRINGS = NO;
				SWIFT_VERSION = 5.0;
				TARGETED_DEVICE_FAMILY = "1,2";
				TEST_HOST = "$(BUILT_PRODUCTS_DIR)/Weather-AppUI.app/$(BUNDLE_EXECUTABLE_FOLDER_PATH)/Weather-AppUI";
			};
			name = Release;
		};
		040DC3C42CFEFEA80067AE4F /* Debug */ = {
			isa = XCBuildConfiguration;
			buildSettings = {
				CODE_SIGN_STYLE = Automatic;
				CURRENT_PROJECT_VERSION = 1;
				DEVELOPMENT_TEAM = XDGUBBL4D4;
				GENERATE_INFOPLIST_FILE = YES;
				MARKETING_VERSION = 1.0;
				PRODUCT_BUNDLE_IDENTIFIER = "com.MohitBajpai.Weather-AppUIUITests";
				PRODUCT_NAME = "$(TARGET_NAME)";
				SWIFT_EMIT_LOC_STRINGS = NO;
				SWIFT_VERSION = 5.0;
				TARGETED_DEVICE_FAMILY = "1,2";
				TEST_TARGET_NAME = "Weather-AppUI";
			};
			name = Debug;
		};
		040DC3C52CFEFEA80067AE4F /* Release */ = {
			isa = XCBuildConfiguration;
			buildSettings = {
				CODE_SIGN_STYLE = Automatic;
				CURRENT_PROJECT_VERSION = 1;
				DEVELOPMENT_TEAM = XDGUBBL4D4;
				GENERATE_INFOPLIST_FILE = YES;
				MARKETING_VERSION = 1.0;
				PRODUCT_BUNDLE_IDENTIFIER = "com.MohitBajpai.Weather-AppUIUITests";
				PRODUCT_NAME = "$(TARGET_NAME)";
				SWIFT_EMIT_LOC_STRINGS = NO;
				SWIFT_VERSION = 5.0;
				TARGETED_DEVICE_FAMILY = "1,2";
				TEST_TARGET_NAME = "Weather-AppUI";
			};
			name = Release;
		};
/* End XCBuildConfiguration section */

/* Begin XCConfigurationList section */
		040DC38F2CFEFEA60067AE4F /* Build configuration list for PBXProject "Weather-AppUI" */ = {
			isa = XCConfigurationList;
			buildConfigurations = (
				040DC3BB2CFEFEA80067AE4F /* Debug */,
				040DC3BC2CFEFEA80067AE4F /* Release */,
			);
			defaultConfigurationIsVisible = 0;
			defaultConfigurationName = Release;
		};
		040DC3BD2CFEFEA80067AE4F /* Build configuration list for PBXNativeTarget "Weather-AppUI" */ = {
			isa = XCConfigurationList;
			buildConfigurations = (
				040DC3BE2CFEFEA80067AE4F /* Debug */,
				040DC3BF2CFEFEA80067AE4F /* Release */,
			);
			defaultConfigurationIsVisible = 0;
			defaultConfigurationName = Release;
		};
		040DC3C02CFEFEA80067AE4F /* Build configuration list for PBXNativeTarget "Weather-AppUITests" */ = {
			isa = XCConfigurationList;
			buildConfigurations = (
				040DC3C12CFEFEA80067AE4F /* Debug */,
				040DC3C22CFEFEA80067AE4F /* Release */,
			);
			defaultConfigurationIsVisible = 0;
			defaultConfigurationName = Release;
		};
		040DC3C32CFEFEA80067AE4F /* Build configuration list for PBXNativeTarget "Weather-AppUIUITests" */ = {
			isa = XCConfigurationList;
			buildConfigurations = (
				040DC3C42CFEFEA80067AE4F /* Debug */,
				040DC3C52CFEFEA80067AE4F /* Release */,
			);
			defaultConfigurationIsVisible = 0;
			defaultConfigurationName = Release;
		};
/* End XCConfigurationList section */
	};
	rootObject = 040DC38C2CFEFEA60067AE4F /* Project object */;
}
